{
  "requires": true,
  "lockfileVersion": 1,
  "dependencies": {
    "jquery": {
      "version": "3.5.1",
      "resolved": "https://registry.npmjs.org/jquery/-/jquery-3.5.1.tgz",
      "integrity": "sha512-XwIBPqcMn57FxfT+Go5pzySnm4KWkT1Tv7gjrpT1srtf8Weynl6R273VJ5GjkRb51IzMp5nbaPjJXMWeju2MKg=="
    },
    "nanogallery2": {
      "version": "3.0.4",
      "resolved": "https://registry.npmjs.org/nanogallery2/-/nanogallery2-3.0.4.tgz",
      "integrity": "sha512-K818pey7BNKLXPyb4MWkKNxqwZFeVaMbPXNOptYsrAorze7y0UGasjQm0TodMwfADV8L1qqswe4FTdmwkAf7bA==",
      "requires": {
        "jquery": ">=1.12.4"
      }
    }
  }
}
